
Microsoft Visual Studio Solution File, Format Version 12.00
# Visual Studio 15
VisualStudioVersion = 15.0.28307.1340
MinimumVisualStudioVersion = 10.0.40219.1
Project("{FAE04EC0-301F-11D3-BF4B-00C04F79EFBC}") = "Udemy.Core", "Udemy.Core\Udemy.Core.csproj", "{8F187B7D-4E19-4F17-8AD3-4FC62F938911}"
EndProject
Project("{FAE04EC0-301F-11D3-BF4B-00C04F79EFBC}") = "Udemy.BLL", "Udemy.BLL\Udemy.BLL.csproj", "{78A7901C-B9AB-4C41-BE3E-0B78BA195C0F}"
EndProject
Project("{FAE04EC0-301F-11D3-BF4B-00C04F79EFBC}") = "Udemy.Entities", "Udemy.Entities\Udemy.Entities.csproj", "{383F0324-8EE5-481D-8A94-11B815DDF2CF}"
EndProject
Project("{FAE04EC0-301F-11D3-BF4B-00C04F79EFBC}") = "Udemy.WFUI", "Udemy.WFUI\Udemy.WFUI.csproj", "{83F9F866-0452-4EDB-BA5E-971C8871523C}"
EndProject
Global
	GlobalSection(SolutionConfigurationPlatforms) = preSolution
		Debug|Any CPU = Debug|Any CPU
		Release|Any CPU = Release|Any CPU
	EndGlobalSection
	GlobalSection(ProjectConfigurationPlatforms) = postSolution
		{8F187B7D-4E19-4F17-8AD3-4FC62F938911}.Debug|Any CPU.ActiveCfg = Debug|Any CPU
		{8F187B7D-4E19-4F17-8AD3-4FC62F938911}.Debug|Any CPU.Build.0 = Debug|Any CPU
		{8F187B7D-4E19-4F17-8AD3-4FC62F938911}.Release|Any CPU.ActiveCfg = Release|Any CPU
		{8F187B7D-4E19-4F17-8AD3-4FC62F938911}.Release|Any CPU.Build.0 = Release|Any CPU
		{78A7901C-B9AB-4C41-BE3E-0B78BA195C0F}.Debug|Any CPU.ActiveCfg = Debug|Any CPU
		{78A7901C-B9AB-4C41-BE3E-0B78BA195C0F}.Debug|Any CPU.Build.0 = Debug|Any CPU
		{78A7901C-B9AB-4C41-BE3E-0B78BA195C0F}.Release|Any CPU.ActiveCfg = Release|Any CPU
		{78A7901C-B9AB-4C41-BE3E-0B78BA195C0F}.Release|Any CPU.Build.0 = Release|Any CPU
		{383F0324-8EE5-481D-8A94-11B815DDF2CF}.Debug|Any CPU.ActiveCfg = Debug|Any CPU
		{383F0324-8EE5-481D-8A94-11B815DDF2CF}.Debug|Any CPU.Build.0 = Debug|Any CPU
		{383F0324-8EE5-481D-8A94-11B815DDF2CF}.Release|Any CPU.ActiveCfg = Release|Any CPU
		{383F0324-8EE5-481D-8A94-11B815DDF2CF}.Release|Any CPU.Build.0 = Release|Any CPU
		{83F9F866-0452-4EDB-BA5E-971C8871523C}.Debug|Any CPU.ActiveCfg = Debug|Any CPU
		{83F9F866-0452-4EDB-BA5E-971C8871523C}.Debug|Any CPU.Build.0 = Debug|Any CPU
		{83F9F866-0452-4EDB-BA5E-971C8871523C}.Release|Any CPU.ActiveCfg = Release|Any CPU
		{83F9F866-0452-4EDB-BA5E-971C8871523C}.Release|Any CPU.Build.0 = Release|Any CPU
	EndGlobalSection
	GlobalSection(SolutionProperties) = preSolution
		HideSolutionNode = FALSE
	EndGlobalSection
	GlobalSection(ExtensibilityGlobals) = postSolution
		SolutionGuid = {C3D7CBE7-44AF-49B2-BB54-AF3BFFC7421E}
	EndGlobalSection
EndGlobal
